FORGE
  remote: http://forge.puppetlabs.com
  specs:
    maestrodev/wget (1.4.1)
    nanliu/staging (0.4.0)
    puppetlabs/apt (1.4.2)
      puppetlabs/stdlib (>= 2.2.1)
    puppetlabs/gcc (0.1.0)
    puppetlabs/stdlib (4.2.1)

GIT
  remote: git://github.com/puppetlabs/puppetlabs-rabbitmq.git
  ref: master
  sha: e7447851a60a419cd51a09ccf807964b36fdebac
  specs:
    rabbitmq (4.0.0)
      nanliu/staging (>= 0.3.1)
      puppetlabs/apt (>= 1.0.0)
      puppetlabs/stdlib (>= 2.0.0)

GIT
  remote: git://github.com/sensu/sensu-puppet.git
  ref: master
  sha: 3b86e55b084438144098ec60943d4785df258986
  specs:
    sensu (1.0.0)
      puppetlabs/apt (>= 0.0.1)
      puppetlabs/stdlib (>= 0.0.1)

GIT
  remote: git://github.com/thomasvandoren/puppet-redis.git
  ref: master
  sha: 17308f1be093cd2fa003b5e53a99c22b61e4e24e
  specs:
    redis (0.0.9)
      maestrodev/wget (>= 0)
      puppetlabs/gcc (>= 0)

DEPENDENCIES
  rabbitmq (>= 0)
  redis (>= 0)
  sensu (>= 0)

